// !$*UTF8*$!
{
	archiveVersion = 1;
	classes = {
	};
	objectVersion = 55;
	objects = {

/* Begin PBXBuildFile section */
		059F16994471E297DACA2573 /* Pods_HappApp.framework in Frameworks */ = {isa = PBXBuildFile; fileRef = 293DA3A39B0232F6689B2C36 /* Pods_HappApp.framework */; };
		F6DE0F2428E36B6D00F0F9F2 /* HappApp.swift in Sources */ = {isa = PBXBuildFile; fileRef = F6DE0F2328E36B6D00F0F9F2 /* HappApp.swift */; };
		F6DE0F2628E36B6D00F0F9F2 /* ContentView.swift in Sources */ = {isa = PBXBuildFile; fileRef = F6DE0F2528E36B6D00F0F9F2 /* ContentView.swift */; };
		F6DE0F2828E36B6D00F0F9F2 /* Assets.xcassets in Resources */ = {isa = PBXBuildFile; fileRef = F6DE0F2728E36B6D00F0F9F2 /* Assets.xcassets */; };
		F6DE0F2B28E36B6D00F0F9F2 /* Preview Assets.xcassets in Resources */ = {isa = PBXBuildFile; fileRef = F6DE0F2A28E36B6D00F0F9F2 /* Preview Assets.xcassets */; };
		F6DE0F3E28E426D300F0F9F2 /* MapViewModel.swift in Sources */ = {isa = PBXBuildFile; fileRef = F6DE0F3D28E426D300F0F9F2 /* MapViewModel.swift */; };
		F6DE0F4028E4270100F0F9F2 /* SearchViewModel.swift in Sources */ = {isa = PBXBuildFile; fileRef = F6DE0F3F28E4270100F0F9F2 /* SearchViewModel.swift */; };
		F6DE0F4228E4271700F0F9F2 /* AccountViewModel.swift in Sources */ = {isa = PBXBuildFile; fileRef = F6DE0F4128E4271600F0F9F2 /* AccountViewModel.swift */; };
		F6DE0F4428E4276E00F0F9F2 /* Profile.swift in Sources */ = {isa = PBXBuildFile; fileRef = F6DE0F4328E4276E00F0F9F2 /* Profile.swift */; };
		F6DE0F4628E4278200F0F9F2 /* Event.swift in Sources */ = {isa = PBXBuildFile; fileRef = F6DE0F4528E4278200F0F9F2 /* Event.swift */; };
		F6DE0F4828E4279200F0F9F2 /* FirebaseService.swift in Sources */ = {isa = PBXBuildFile; fileRef = F6DE0F4728E4279200F0F9F2 /* FirebaseService.swift */; };
		F6DE0F4A28E5003600F0F9F2 /* GoogleService-Info.plist in Resources */ = {isa = PBXBuildFile; fileRef = F6DE0F4928E5003600F0F9F2 /* GoogleService-Info.plist */; };
/* End PBXBuildFile section */

/* Begin PBXFileReference section */
		293DA3A39B0232F6689B2C36 /* Pods_HappApp.framework */ = {isa = PBXFileReference; explicitFileType = wrapper.framework; includeInIndex = 0; path = Pods_HappApp.framework; sourceTree = BUILT_PRODUCTS_DIR; };
		31E5E9672C750BC81B385FCF /* Pods-HappApp.release.xcconfig */ = {isa = PBXFileReference; includeInIndex = 1; lastKnownFileType = text.xcconfig; name = "Pods-HappApp.release.xcconfig"; path = "Target Support Files/Pods-HappApp/Pods-HappApp.release.xcconfig"; sourceTree = "<group>"; };
		94CC47128888F8E8DBE8CE5C /* Pods-HappApp.debug.xcconfig */ = {isa = PBXFileReference; includeInIndex = 1; lastKnownFileType = text.xcconfig; name = "Pods-HappApp.debug.xcconfig"; path = "Target Support Files/Pods-HappApp/Pods-HappApp.debug.xcconfig"; sourceTree = "<group>"; };
		F6DE0F2028E36B6D00F0F9F2 /* HappApp.app */ = {isa = PBXFileReference; explicitFileType = wrapper.application; includeInIndex = 0; path = HappApp.app; sourceTree = BUILT_PRODUCTS_DIR; };
		F6DE0F2328E36B6D00F0F9F2 /* HappApp.swift */ = {isa = PBXFileReference; lastKnownFileType = sourcecode.swift; path = HappApp.swift; sourceTree = "<group>"; };
		F6DE0F2528E36B6D00F0F9F2 /* ContentView.swift */ = {isa = PBXFileReference; lastKnownFileType = sourcecode.swift; path = ContentView.swift; sourceTree = "<group>"; };
		F6DE0F2728E36B6D00F0F9F2 /* Assets.xcassets */ = {isa = PBXFileReference; lastKnownFileType = folder.assetcatalog; path = Assets.xcassets; sourceTree = "<group>"; };
		F6DE0F2A28E36B6D00F0F9F2 /* Preview Assets.xcassets */ = {isa = PBXFileReference; lastKnownFileType = folder.assetcatalog; path = "Preview Assets.xcassets"; sourceTree = "<group>"; };
		F6DE0F3D28E426D300F0F9F2 /* MapViewModel.swift */ = {isa = PBXFileReference; lastKnownFileType = sourcecode.swift; path = MapViewModel.swift; sourceTree = "<group>"; };
		F6DE0F3F28E4270100F0F9F2 /* SearchViewModel.swift */ = {isa = PBXFileReference; lastKnownFileType = sourcecode.swift; path = SearchViewModel.swift; sourceTree = "<group>"; };
		F6DE0F4128E4271600F0F9F2 /* AccountViewModel.swift */ = {isa = PBXFileReference; lastKnownFileType = sourcecode.swift; path = AccountViewModel.swift; sourceTree = "<group>"; };
		F6DE0F4328E4276E00F0F9F2 /* Profile.swift */ = {isa = PBXFileReference; lastKnownFileType = sourcecode.swift; path = Profile.swift; sourceTree = "<group>"; };
		F6DE0F4528E4278200F0F9F2 /* Event.swift */ = {isa = PBXFileReference; lastKnownFileType = sourcecode.swift; path = Event.swift; sourceTree = "<group>"; };
		F6DE0F4728E4279200F0F9F2 /* FirebaseService.swift */ = {isa = PBXFileReference; lastKnownFileType = sourcecode.swift; path = FirebaseService.swift; sourceTree = "<group>"; };
		F6DE0F4928E5003600F0F9F2 /* GoogleService-Info.plist */ = {isa = PBXFileReference; fileEncoding = 4; lastKnownFileType = text.plist.xml; path = "GoogleService-Info.plist"; sourceTree = "<group>"; };
/* End PBXFileReference section */

/* Begin PBXFrameworksBuildPhase section */
		F6DE0F1D28E36B6D00F0F9F2 /* Frameworks */ = {
			isa = PBXFrameworksBuildPhase;
			buildActionMask = 2147483647;
			files = (
				059F16994471E297DACA2573 /* Pods_HappApp.framework in Frameworks */,
			);
			runOnlyForDeploymentPostprocessing = 0;
		};
/* End PBXFrameworksBuildPhase section */

/* Begin PBXGroup section */
		42D04F9E327171340A916F7F /* Pods */ = {
			isa = PBXGroup;
			children = (
				94CC47128888F8E8DBE8CE5C /* Pods-HappApp.debug.xcconfig */,
				31E5E9672C750BC81B385FCF /* Pods-HappApp.release.xcconfig */,
			);
			name = Pods;
			path = Pods;
			sourceTree = "<group>";
		};
		92620F338518CF39633DFC31 /* Frameworks */ = {
			isa = PBXGroup;
			children = (
				293DA3A39B0232F6689B2C36 /* Pods_HappApp.framework */,
			);
			name = Frameworks;
			sourceTree = "<group>";
		};
		F6DE0F1728E36B6D00F0F9F2 = {
			isa = PBXGroup;
			children = (
				F6DE0F2228E36B6D00F0F9F2 /* HappApp */,
				F6DE0F2128E36B6D00F0F9F2 /* Products */,
				42D04F9E327171340A916F7F /* Pods */,
				92620F338518CF39633DFC31 /* Frameworks */,
			);
			sourceTree = "<group>";
		};
		F6DE0F2128E36B6D00F0F9F2 /* Products */ = {
			isa = PBXGroup;
			children = (
				F6DE0F2028E36B6D00F0F9F2 /* HappApp.app */,
			);
			name = Products;
			sourceTree = "<group>";
		};
		F6DE0F2228E36B6D00F0F9F2 /* HappApp */ = {
			isa = PBXGroup;
			children = (
				F6DE0F2328E36B6D00F0F9F2 /* HappApp.swift */,
				F6DE0F4928E5003600F0F9F2 /* GoogleService-Info.plist */,
				F6DE0F3728E4261400F0F9F2 /* ViewModels */,
				F6DE0F3828E4261D00F0F9F2 /* Models */,
				F6DE0F3928E4262500F0F9F2 /* Views */,
				F6DE0F3C28E4266900F0F9F2 /* kollektif */,
				F6DE0F2928E36B6D00F0F9F2 /* Preview Content */,
				F6DE0F2728E36B6D00F0F9F2 /* Assets.xcassets */,
			);
			path = HappApp;
			sourceTree = "<group>";
		};
		F6DE0F2928E36B6D00F0F9F2 /* Preview Content */ = {
			isa = PBXGroup;
			children = (
				F6DE0F2A28E36B6D00F0F9F2 /* Preview Assets.xcassets */,
			);
			path = "Preview Content";
			sourceTree = "<group>";
		};
		F6DE0F3728E4261400F0F9F2 /* ViewModels */ = {
			isa = PBXGroup;
			children = (
				F6DE0F3D28E426D300F0F9F2 /* MapViewModel.swift */,
				F6DE0F3F28E4270100F0F9F2 /* SearchViewModel.swift */,
				F6DE0F4128E4271600F0F9F2 /* AccountViewModel.swift */,
			);
			path = ViewModels;
			sourceTree = "<group>";
		};
		F6DE0F3828E4261D00F0F9F2 /* Models */ = {
			isa = PBXGroup;
			children = (
				F6DE0F4328E4276E00F0F9F2 /* Profile.swift */,
				F6DE0F4528E4278200F0F9F2 /* Event.swift */,
				F6DE0F4728E4279200F0F9F2 /* FirebaseService.swift */,
			);
			path = Models;
			sourceTree = "<group>";
		};
		F6DE0F3928E4262500F0F9F2 /* Views */ = {
			isa = PBXGroup;
			children = (
				F6DE0F2528E36B6D00F0F9F2 /* ContentView.swift */,
				F6DE0F3B28E4265900F0F9F2 /* HelperViews */,
				F6DE0F3A28E4263600F0F9F2 /* CategoryViews */,
			);
			path = Views;
			sourceTree = "<group>";
		};
		F6DE0F3A28E4263600F0F9F2 /* CategoryViews */ = {
			isa = PBXGroup;
			children = (
			);
			path = CategoryViews;
			sourceTree = "<group>";
		};
		F6DE0F3B28E4265900F0F9F2 /* HelperViews */ = {
			isa = PBXGroup;
			children = (
			);
			path = HelperViews;
			sourceTree = "<group>";
		};
		F6DE0F3C28E4266900F0F9F2 /* kollektif */ = {
			isa = PBXGroup;
			children = (
			);
			path = kollektif;
			sourceTree = "<group>";
		};
/* End PBXGroup section */

/* Begin PBXNativeTarget section */
		F6DE0F1F28E36B6D00F0F9F2 /* HappApp */ = {
			isa = PBXNativeTarget;
			buildConfigurationList = F6DE0F2E28E36B6D00F0F9F2 /* Build configuration list for PBXNativeTarget "HappApp" */;
			buildPhases = (
				3C27D4A18B91AEE735FA0034 /* [CP] Check Pods Manifest.lock */,
				F6DE0F1C28E36B6D00F0F9F2 /* Sources */,
				F6DE0F1D28E36B6D00F0F9F2 /* Frameworks */,
				F6DE0F1E28E36B6D00F0F9F2 /* Resources */,
				23F60B059F0C84A86DD0BA8C /* [CP] Embed Pods Frameworks */,
			);
			buildRules = (
			);
			dependencies = (
			);
			name = HappApp;
			productName = HappApp;
			productReference = F6DE0F2028E36B6D00F0F9F2 /* HappApp.app */;
			productType = "com.apple.product-type.application";
		};
/* End PBXNativeTarget section */

/* Begin PBXProject section */
		F6DE0F1828E36B6D00F0F9F2 /* Project object */ = {
			isa = PBXProject;
			attributes = {
				BuildIndependentTargetsInParallel = 1;
				LastSwiftUpdateCheck = 1340;
				LastUpgradeCheck = 1340;
				TargetAttributes = {
					F6DE0F1F28E36B6D00F0F9F2 = {
						CreatedOnToolsVersion = 13.4.1;
					};
				};
			};
			buildConfigurationList = F6DE0F1B28E36B6D00F0F9F2 /* Build configuration list for PBXProject "HappApp" */;
			compatibilityVersion = "Xcode 13.0";
			developmentRegion = en;
			hasScannedForEncodings = 0;
			knownRegions = (
				en,
				Base,
			);
			mainGroup = F6DE0F1728E36B6D00F0F9F2;
			productRefGroup = F6DE0F2128E36B6D00F0F9F2 /* Products */;
			projectDirPath = "";
			projectRoot = "";
			targets = (
				F6DE0F1F28E36B6D00F0F9F2 /* HappApp */,
			);
		};
/* End PBXProject section */

/* Begin PBXResourcesBuildPhase section */
		F6DE0F1E28E36B6D00F0F9F2 /* Resources */ = {
			isa = PBXResourcesBuildPhase;
			buildActionMask = 2147483647;
			files = (
				F6DE0F2B28E36B6D00F0F9F2 /* Preview Assets.xcassets in Resources */,
				F6DE0F2828E36B6D00F0F9F2 /* Assets.xcassets in Resources */,
				F6DE0F4A28E5003600F0F9F2 /* GoogleService-Info.plist in Resources */,
			);
			runOnlyForDeploymentPostprocessing = 0;
		};
/* End PBXResourcesBuildPhase section */

/* Begin PBXShellScriptBuildPhase section */
		23F60B059F0C84A86DD0BA8C /* [CP] Embed Pods Frameworks */ = {
			isa = PBXShellScriptBuildPhase;
			buildActionMask = 2147483647;
			files = (
			);
			inputFileListPaths = (
				"${PODS_ROOT}/Target Support Files/Pods-HappApp/Pods-HappApp-frameworks-${CONFIGURATION}-input-files.xcfilelist",
			);
			name = "[CP] Embed Pods Frameworks";
			outputFileListPaths = (
				"${PODS_ROOT}/Target Support Files/Pods-HappApp/Pods-HappApp-frameworks-${CONFIGURATION}-output-files.xcfilelist",
			);
			runOnlyForDeploymentPostprocessing = 0;
			shellPath = /bin/sh;
			shellScript = "\"${PODS_ROOT}/Target Support Files/Pods-HappApp/Pods-HappApp-frameworks.sh\"\n";
			showEnvVarsInLog = 0;
		};
		3C27D4A18B91AEE735FA0034 /* [CP] Check Pods Manifest.lock */ = {
			isa = PBXShellScriptBuildPhase;
			buildActionMask = 2147483647;
			files = (
			);
			inputFileListPaths = (
			);
			inputPaths = (
				"${PODS_PODFILE_DIR_PATH}/Podfile.lock",
				"${PODS_ROOT}/Manifest.lock",
			);
			name = "[CP] Check Pods Manifest.lock";
			outputFileListPaths = (
			);
			outputPaths = (
				"$(DERIVED_FILE_DIR)/Pods-HappApp-checkManifestLockResult.txt",
			);
			runOnlyForDeploymentPostprocessing = 0;
			shellPath = /bin/sh;
			shellScript = "diff \"${PODS_PODFILE_DIR_PATH}/Podfile.lock\" \"${PODS_ROOT}/Manifest.lock\" > /dev/null\nif [ $? != 0 ] ; then\n    # print error to STDERR\n    echo \"error: The sandbox is not in sync with the Podfile.lock. Run 'pod install' or update your CocoaPods installation.\" >&2\n    exit 1\nfi\n# This output is used by Xcode 'outputs' to avoid re-running this script phase.\necho \"SUCCESS\" > \"${SCRIPT_OUTPUT_FILE_0}\"\n";
			showEnvVarsInLog = 0;
		};
/* End PBXShellScriptBuildPhase section */

/* Begin PBXSourcesBuildPhase section */
		F6DE0F1C28E36B6D00F0F9F2 /* Sources */ = {
			isa = PBXSourcesBuildPhase;
			buildActionMask = 2147483647;
			files = (
				F6DE0F2628E36B6D00F0F9F2 /* ContentView.swift in Sources */,
				F6DE0F4428E4276E00F0F9F2 /* Profile.swift in Sources */,
				F6DE0F4828E4279200F0F9F2 /* FirebaseService.swift in Sources */,
				F6DE0F4228E4271700F0F9F2 /* AccountViewModel.swift in Sources */,
				F6DE0F2428E36B6D00F0F9F2 /* HappApp.swift in Sources */,
				F6DE0F4028E4270100F0F9F2 /* SearchViewModel.swift in Sources */,
				F6DE0F4628E4278200F0F9F2 /* Event.swift in Sources */,
				F6DE0F3E28E426D300F0F9F2 /* MapViewModel.swift in Sources */,
			);
			runOnlyForDeploymentPostprocessing = 0;
		};
/* End PBXSourcesBuildPhase section */

/* Begin XCBuildConfiguration section */
		F6DE0F2C28E36B6D00F0F9F2 /* Debug */ = {
			isa = XCBuildConfiguration;
			buildSettings = {
				ALWAYS_SEARCH_USER_PATHS = NO;
				CLANG_ANALYZER_NONNULL = YES;
				CLANG_ANALYZER_NUMBER_OBJECT_CONVERSION = YES_AGGRESSIVE;
				CLANG_CXX_LANGUAGE_STANDARD = "gnu++17";
				CLANG_ENABLE_MODULES = YES;
				CLANG_ENABLE_OBJC_ARC = YES;
				CLANG_ENABLE_OBJC_WEAK = YES;
				CLANG_WARN_BLOCK_CAPTURE_AUTORELEASING = YES;
				CLANG_WARN_BOOL_CONVERSION = YES;
				CLANG_WARN_COMMA = YES;
				CLANG_WARN_CONSTANT_CONVERSION = YES;
				CLANG_WARN_DEPRECATED_OBJC_IMPLEMENTATIONS = YES;
				CLANG_WARN_DIRECT_OBJC_ISA_USAGE = YES_ERROR;
				CLANG_WARN_DOCUMENTATION_COMMENTS = YES;
				CLANG_WARN_EMPTY_BODY = YES;
				CLANG_WARN_ENUM_CONVERSION = YES;
				CLANG_WARN_INFINITE_RECURSION = YES;
				CLANG_WARN_INT_CONVERSION = YES;
				CLANG_WARN_NON_LITERAL_NULL_CONVERSION = YES;
				CLANG_WARN_OBJC_IMPLICIT_RETAIN_SELF = YES;
				CLANG_WARN_OBJC_LITERAL_CONVERSION = YES;
				CLANG_WARN_OBJC_ROOT_CLASS = YES_ERROR;
				CLANG_WARN_QUOTED_INCLUDE_IN_FRAMEWORK_HEADER = YES;
				CLANG_WARN_RANGE_LOOP_ANALYSIS = YES;
				CLANG_WARN_STRICT_PROTOTYPES = YES;
				CLANG_WARN_SUSPICIOUS_MOVE = YES;
				CLANG_WARN_UNGUARDED_AVAILABILITY = YES_AGGRESSIVE;
				CLANG_WARN_UNREACHABLE_CODE = YES;
				CLANG_WARN__DUPLICATE_METHOD_MATCH = YES;
				COPY_PHASE_STRIP = NO;
				DEBUG_INFORMATION_FORMAT = dwarf;
				ENABLE_STRICT_OBJC_MSGSEND = YES;
				ENABLE_TESTABILITY = YES;
				GCC_C_LANGUAGE_STANDARD = gnu11;
				GCC_DYNAMIC_NO_PIC = NO;
				GCC_NO_COMMON_BLOCKS = YES;
				GCC_OPTIMIZATION_LEVEL = 0;
				GCC_PREPROCESSOR_DEFINITIONS = (
					"DEBUG=1",
					"$(inherited)",
				);
				GCC_WARN_64_TO_32_BIT_CONVERSION = YES;
				GCC_WARN_ABOUT_RETURN_TYPE = YES_ERROR;
				GCC_WARN_UNDECLARED_SELECTOR = YES;
				GCC_WARN_UNINITIALIZED_AUTOS = YES_AGGRESSIVE;
				GCC_WARN_UNUSED_FUNCTION = YES;
				GCC_WARN_UNUSED_VARIABLE = YES;
				IPHONEOS_DEPLOYMENT_TARGET = 15.5;
				MTL_ENABLE_DEBUG_INFO = INCLUDE_SOURCE;
				MTL_FAST_MATH = YES;
				ONLY_ACTIVE_ARCH = YES;
				SDKROOT = iphoneos;
				SWIFT_ACTIVE_COMPILATION_CONDITIONS = DEBUG;
				SWIFT_OPTIMIZATION_LEVEL = "-Onone";
			};
			name = Debug;
		};
		F6DE0F2D28E36B6D00F0F9F2 /* Release */ = {
			isa = XCBuildConfiguration;
			buildSettings = {
				ALWAYS_SEARCH_USER_PATHS = NO;
				CLANG_ANALYZER_NONNULL = YES;
				CLANG_ANALYZER_NUMBER_OBJECT_CONVERSION = YES_AGGRESSIVE;
				CLANG_CXX_LANGUAGE_STANDARD = "gnu++17";
				CLANG_ENABLE_MODULES = YES;
				CLANG_ENABLE_OBJC_ARC = YES;
				CLANG_ENABLE_OBJC_WEAK = YES;
				CLANG_WARN_BLOCK_CAPTURE_AUTORELEASING = YES;
				CLANG_WARN_BOOL_CONVERSION = YES;
				CLANG_WARN_COMMA = YES;
				CLANG_WARN_CONSTANT_CONVERSION = YES;
				CLANG_WARN_DEPRECATED_OBJC_IMPLEMENTATIONS = YES;
				CLANG_WARN_DIRECT_OBJC_ISA_USAGE = YES_ERROR;
				CLANG_WARN_DOCUMENTATION_COMMENTS = YES;
				CLANG_WARN_EMPTY_BODY = YES;
				CLANG_WARN_ENUM_CONVERSION = YES;
				CLANG_WARN_INFINITE_RECURSION = YES;
				CLANG_WARN_INT_CONVERSION = YES;
				CLANG_WARN_NON_LITERAL_NULL_CONVERSION = YES;
				CLANG_WARN_OBJC_IMPLICIT_RETAIN_SELF = YES;
				CLANG_WARN_OBJC_LITERAL_CONVERSION = YES;
				CLANG_WARN_OBJC_ROOT_CLASS = YES_ERROR;
				CLANG_WARN_QUOTED_INCLUDE_IN_FRAMEWORK_HEADER = YES;
				CLANG_WARN_RANGE_LOOP_ANALYSIS = YES;
				CLANG_WARN_STRICT_PROTOTYPES = YES;
				CLANG_WARN_SUSPICIOUS_MOVE = YES;
				CLANG_WARN_UNGUARDED_AVAILABILITY = YES_AGGRESSIVE;
				CLANG_WARN_UNREACHABLE_CODE = YES;
				CLANG_WARN__DUPLICATE_METHOD_MATCH = YES;
				COPY_PHASE_STRIP = NO;
				DEBUG_INFORMATION_FORMAT = "dwarf-with-dsym";
				ENABLE_NS_ASSERTIONS = NO;
				ENABLE_STRICT_OBJC_MSGSEND = YES;
				GCC_C_LANGUAGE_STANDARD = gnu11;
				GCC_NO_COMMON_BLOCKS = YES;
				GCC_WARN_64_TO_32_BIT_CONVERSION = YES;
				GCC_WARN_ABOUT_RETURN_TYPE = YES_ERROR;
				GCC_WARN_UNDECLARED_SELECTOR = YES;
				GCC_WARN_UNINITIALIZED_AUTOS = YES_AGGRESSIVE;
				GCC_WARN_UNUSED_FUNCTION = YES;
				GCC_WARN_UNUSED_VARIABLE = YES;
				IPHONEOS_DEPLOYMENT_TARGET = 15.5;
				MTL_ENABLE_DEBUG_INFO = NO;
				MTL_FAST_MATH = YES;
				SDKROOT = iphoneos;
				SWIFT_COMPILATION_MODE = wholemodule;
				SWIFT_OPTIMIZATION_LEVEL = "-O";
				VALIDATE_PRODUCT = YES;
			};
			name = Release;
		};
		F6DE0F2F28E36B6D00F0F9F2 /* Debug */ = {
			isa = XCBuildConfiguration;
			baseConfigurationReference = 94CC47128888F8E8DBE8CE5C /* Pods-HappApp.debug.xcconfig */;
			buildSettings = {
				ASSETCATALOG_COMPILER_APPICON_NAME = AppIcon;
				ASSETCATALOG_COMPILER_GLOBAL_ACCENT_COLOR_NAME = AccentColor;
				CODE_SIGN_IDENTITY = "Apple Development";
				CODE_SIGN_STYLE = Automatic;
				CURRENT_PROJECT_VERSION = 1;
				DEVELOPMENT_ASSET_PATHS = "\"HappApp/Preview Content\"";
				DEVELOPMENT_TEAM = 37JUNCZ7DZ;
				ENABLE_PREVIEWS = YES;
				GENERATE_INFOPLIST_FILE = YES;
				INFOPLIST_KEY_UIApplicationSceneManifest_Generation = YES;
				INFOPLIST_KEY_UIApplicationSupportsIndirectInputEvents = YES;
				INFOPLIST_KEY_UILaunchScreen_Generation = YES;
				INFOPLIST_KEY_UISupportedInterfaceOrientations_iPad = "UIInterfaceOrientationPortrait UIInterfaceOrientationPortraitUpsideDown UIInterfaceOrientationLandscapeLeft UIInterfaceOrientationLandscapeRight";
				INFOPLIST_KEY_UISupportedInterfaceOrientations_iPhone = "UIInterfaceOrientationPortrait UIInterfaceOrientationLandscapeLeft UIInterfaceOrientationLandscapeRight";
				LD_RUNPATH_SEARCH_PATHS = (
					"$(inherited)",
					"@executable_path/Frameworks",
				);
				MARKETING_VERSION = 1.0;
				PRODUCT_BUNDLE_IDENTIFIER = ioshappapp.HappApp;
				PRODUCT_NAME = "$(TARGET_NAME)";
				PROVISIONING_PROFILE_SPECIFIER = "";
				SWIFT_EMIT_LOC_STRINGS = YES;
				SWIFT_VERSION = 5.0;
				TARGETED_DEVICE_FAMILY = "1,2";
			};
			name = Debug;
		};
		F6DE0F3028E36B6D00F0F9F2 /* Release */ = {
			isa = XCBuildConfiguration;
			baseConfigurationReference = 31E5E9672C750BC81B385FCF /* Pods-HappApp.release.xcconfig */;
			buildSettings = {
				ASSETCATALOG_COMPILER_APPICON_NAME = AppIcon;
				ASSETCATALOG_COMPILER_GLOBAL_ACCENT_COLOR_NAME = AccentColor;
				CODE_SIGN_IDENTITY = "Apple Development";
				CODE_SIGN_STYLE = Automatic;
				CURRENT_PROJECT_VERSION = 1;
				DEVELOPMENT_ASSET_PATHS = "\"HappApp/Preview Content\"";
				DEVELOPMENT_TEAM = 37JUNCZ7DZ;
				ENABLE_PREVIEWS = YES;
				GENERATE_INFOPLIST_FILE = YES;
				INFOPLIST_KEY_UIApplicationSceneManifest_Generation = YES;
				INFOPLIST_KEY_UIApplicationSupportsIndirectInputEvents = YES;
				INFOPLIST_KEY_UILaunchScreen_Generation = YES;
				INFOPLIST_KEY_UISupportedInterfaceOrientations_iPad = "UIInterfaceOrientationPortrait UIInterfaceOrientationPortraitUpsideDown UIInterfaceOrientationLandscapeLeft UIInterfaceOrientationLandscapeRight";
				INFOPLIST_KEY_UISupportedInterfaceOrientations_iPhone = "UIInterfaceOrientationPortrait UIInterfaceOrientationLandscapeLeft UIInterfaceOrientationLandscapeRight";
				LD_RUNPATH_SEARCH_PATHS = (
					"$(inherited)",
					"@executable_path/Frameworks",
				);
				MARKETING_VERSION = 1.0;
				PRODUCT_BUNDLE_IDENTIFIER = ioshappapp.HappApp;
				PRODUCT_NAME = "$(TARGET_NAME)";
				PROVISIONING_PROFILE_SPECIFIER = "";
				SWIFT_EMIT_LOC_STRINGS = YES;
				SWIFT_VERSION = 5.0;
				TARGETED_DEVICE_FAMILY = "1,2";
			};
			name = Release;
		};
/* End XCBuildConfiguration section */

/* Begin XCConfigurationList section */
		F6DE0F1B28E36B6D00F0F9F2 /* Build configuration list for PBXProject "HappApp" */ = {
			isa = XCConfigurationList;
			buildConfigurations = (
				F6DE0F2C28E36B6D00F0F9F2 /* Debug */,
				F6DE0F2D28E36B6D00F0F9F2 /* Release */,
			);
			defaultConfigurationIsVisible = 0;
			defaultConfigurationName = Release;
		};
		F6DE0F2E28E36B6D00F0F9F2 /* Build configuration list for PBXNativeTarget "HappApp" */ = {
			isa = XCConfigurationList;
			buildConfigurations = (
				F6DE0F2F28E36B6D00F0F9F2 /* Debug */,
				F6DE0F3028E36B6D00F0F9F2 /* Release */,
			);
			defaultConfigurationIsVisible = 0;
			defaultConfigurationName = Release;
		};
/* End XCConfigurationList section */
	};
	rootObject = F6DE0F1828E36B6D00F0F9F2 /* Project object */;
}
